{
  "version": 4,
  "terraform_version": "1.6.2",
  "serial": 68,
  "lineage": "d3e47568-9f14-2093-9436-659e72c91389",
  "outputs": {
    "containers_ip": {
      "value": "10.10.15.12",
      "type": "string"
    },
    "debian_bookworm_cloud_image_file_id": {
      "value": "local:iso/debian-12-genericcloud-amd64.img",
      "type": "string"
    },
    "dns1_ip": {
      "value": "10.10.15.10",
      "type": "string"
    }
  },
  "resources": [
    {
      "mode": "managed",
      "type": "proxmox_virtual_environment_download_file",
      "name": "debian_bookworm",
      "provider": "provider[\"registry.opentofu.org/bpg/proxmox\"]",
      "instances": [
        {
          "schema_version": 0,
          "attributes": {
            "checksum": null,
            "checksum_algorithm": null,
            "content_type": "iso",
            "datastore_id": "local",
            "decompression_algorithm": null,
            "file_name": "debian-12-genericcloud-amd64.img",
            "id": "local:iso/debian-12-genericcloud-amd64.img",
            "node_name": "pve",
            "overwrite": true,
            "overwrite_unmanaged": false,
            "size": 346619904,
            "upload_timeout": 600,
            "url": "https://cloud.debian.org/images/cloud/bookworm/latest/debian-12-genericcloud-amd64.qcow2",
            "verify": true
          },
          "sensitive_attributes": [],
          "private": "eyJvcmlnaW5hbF9zdGF0ZV9zaXplIjoiTXpRMk5qRTVPVEEwIn0="
        }
      ]
    },
    {
      "mode": "managed",
      "type": "proxmox_virtual_environment_vm",
      "name": "containers",
      "provider": "provider[\"registry.opentofu.org/bpg/proxmox\"]",
      "instances": [
        {
          "schema_version": 0,
          "attributes": {
            "acpi": true,
            "agent": [
              {
                "enabled": true,
                "timeout": "15m",
                "trim": false,
                "type": "virtio",
                "wait_for_ip": []
              }
            ],
            "amd_sev": [],
            "audio_device": [],
            "bios": "seabios",
            "boot_order": [
              "scsi0"
            ],
            "cdrom": [],
            "clone": [
              {
                "datastore_id": "",
                "full": true,
                "node_name": "",
                "retries": 1,
                "vm_id": 9000
              }
            ],
            "cpu": [
              {
                "affinity": "",
                "architecture": "",
                "cores": 4,
                "flags": [],
                "hotplugged": 0,
                "limit": 0,
                "numa": false,
                "sockets": 1,
                "type": "host",
                "units": 100
              }
            ],
            "delete_unreferenced_disks_on_destroy": true,
            "description": "Docker host for containerized applications with GPU passthrough",
            "disk": [
              {
                "aio": "io_uring",
                "backup": true,
                "cache": "none",
                "datastore_id": "local-lvm",
                "discard": "ignore",
                "file_format": "raw",
                "file_id": "",
                "import_from": "",
                "interface": "scsi0",
                "iothread": false,
                "path_in_datastore": "vm-102-disk-0",
                "replicate": true,
                "serial": "",
                "size": 64,
                "speed": [],
                "ssd": false
              }
            ],
            "efi_disk": [],
            "hook_script_file_id": null,
            "hostpci": [
              {
                "device": "hostpci0",
                "id": "",
                "mapping": "gpu-gtx1050ti",
                "mdev": "",
                "pcie": true,
                "rom_file": "",
                "rombar": true,
                "xvga": false
              }
            ],
            "id": "102",
            "initialization": [
              {
                "datastore_id": "local-lvm",
                "dns": [
                  {
                    "domain": "",
                    "servers": [
                      "10.10.15.1"
                    ]
                  }
                ],
                "file_format": "",
                "interface": "ide2",
                "ip_config": [
                  {
                    "ipv4": [
                      {
                        "address": "10.10.15.12/24",
                        "gateway": "10.10.15.1"
                      }
                    ],
                    "ipv6": []
                  }
                ],
                "meta_data_file_id": "",
                "network_data_file_id": "",
                "type": "",
                "user_account": [
                  {
                    "keys": [
                      "ssh-rsa AAAAB3NzaC1yc2EAAAADAQABAAABgQCxd7Eb732t9uSt7p+axG/N2+HMUhPe0z7D4OKDvtgsk8NM2P4cLWJofqt4YS1iA8UFbG4xUcbE9SDfHzU2WEBHtUbPbjcZcFaCOKOl9GMatV1b7o3F74pgDwNjHwpwGSWRpNd8lHNPYvx2sXLu+fjlGXwGsgWE+x5SpIscEwt2N4/S7IrBncEkw/TZsvzFSw6nPtL39fKlBmktC0OIUGV27CKt6Lx7PWPn6kdCClzD+CIimvpk9tm8F642bA2dMyv7mwhy1+hdj9ieMHfj/KnAEr5IF7BD8Z6ka5Xm7XetCsY7Xv1GX5Hq4U37fNki8Hw+Wg8NDL4nGysvV+yQh33qbTCjDCMYoPakhRRzm78Z9ewwoOz2IUwwIyaZ+7MA9+HHy+TmFTyIaIJ1iP2YXDeshVHPjREPYIFSN+vVdGGxyPCS9fVZhNQh6olyHvfiwqmkrJDRS24QV/djFrrco4JziuckTK2flBmEH8JY8WJ2enJLKOIin7VTWDwgoAedFJ8= deploy"
                    ],
                    "password": "",
                    "username": "deploy"
                  }
                ],
                "user_data_file_id": "local:snippets/debian12-cloud-user.yaml",
                "vendor_data_file_id": ""
              }
            ],
            "ipv4_addresses": [
              [
                "127.0.0.1"
              ],
              [
                "10.10.15.12"
              ]
            ],
            "ipv6_addresses": [
              [
                "::1"
              ],
              [
                "fe80::be24:11ff:feaa:607c"
              ]
            ],
            "keyboard_layout": "en-us",
            "kvm_arguments": null,
            "mac_addresses": [
              "00:00:00:00:00:00",
              "BC:24:11:AA:60:7C"
            ],
            "machine": "q35",
            "memory": [
              {
                "dedicated": 8192,
                "floating": 0,
                "hugepages": "",
                "keep_hugepages": false,
                "shared": 0
              }
            ],
            "migrate": false,
            "name": "containers",
            "network_device": [
              {
                "bridge": "vmbr0",
                "disconnected": false,
                "enabled": true,
                "firewall": false,
                "mac_address": "BC:24:11:AA:60:7C",
                "model": "virtio",
                "mtu": 0,
                "queues": 0,
                "rate_limit": 0,
                "trunks": "",
                "vlan_id": 0
              }
            ],
            "network_interface_names": [
              "lo",
              "eth0"
            ],
            "node_name": "pve",
            "numa": [],
            "on_boot": true,
            "operating_system": [],
            "pool_id": "",
            "protection": false,
            "purge_on_destroy": true,
            "reboot": false,
            "reboot_after_update": true,
            "rng": [],
            "scsi_hardware": "virtio-scsi-pci",
            "serial_device": [],
            "smbios": [],
            "started": true,
            "startup": [],
            "stop_on_destroy": false,
            "tablet_device": true,
            "tags": null,
            "template": false,
            "timeout_clone": 1800,
            "timeout_create": 1800,
            "timeout_migrate": 1800,
            "timeout_move_disk": 1800,
            "timeout_reboot": 1800,
            "timeout_shutdown_vm": 1800,
            "timeout_start_vm": 1800,
            "timeout_stop_vm": 300,
            "tpm_state": [],
            "usb": [],
            "vga": [
              {
                "clipboard": "",
                "memory": 16,
                "type": "serial0"
              }
            ],
            "virtiofs": [],
            "vm_id": 102,
            "watchdog": []
          },
          "sensitive_attributes": [],
          "private": "bnVsbA=="
        }
      ]
    },
    {
      "mode": "managed",
      "type": "proxmox_virtual_environment_vm",
      "name": "dns1",
      "provider": "provider[\"registry.opentofu.org/bpg/proxmox\"]",
      "instances": [
        {
          "schema_version": 0,
          "attributes": {
            "acpi": true,
            "agent": [
              {
                "enabled": true,
                "timeout": "15m",
                "trim": false,
                "type": "virtio",
                "wait_for_ip": []
              }
            ],
            "amd_sev": [],
            "audio_device": [],
            "bios": "seabios",
            "boot_order": [
              "scsi0"
            ],
            "cdrom": [],
            "clone": [
              {
                "datastore_id": "",
                "full": true,
                "node_name": "",
                "retries": 1,
                "vm_id": 9000
              }
            ],
            "cpu": [
              {
                "affinity": "",
                "architecture": "",
                "cores": 1,
                "flags": [],
                "hotplugged": 0,
                "limit": 0,
                "numa": false,
                "sockets": 1,
                "type": "host",
                "units": 100
              }
            ],
            "delete_unreferenced_disks_on_destroy": true,
            "description": "NSD authoritative DNS for lan.quietlife.net",
            "disk": [
              {
                "aio": "io_uring",
                "backup": true,
                "cache": "none",
                "datastore_id": "local-lvm",
                "discard": "ignore",
                "file_format": "raw",
                "file_id": "",
                "import_from": "",
                "interface": "scsi0",
                "iothread": false,
                "path_in_datastore": "vm-101-disk-0",
                "replicate": true,
                "serial": "",
                "size": 8,
                "speed": [],
                "ssd": false
              }
            ],
            "efi_disk": [],
            "hook_script_file_id": null,
            "hostpci": [],
            "id": "101",
            "initialization": [
              {
                "datastore_id": "local-lvm",
                "dns": [
                  {
                    "domain": "",
                    "servers": [
                      "10.10.15.1"
                    ]
                  }
                ],
                "file_format": "",
                "interface": "ide2",
                "ip_config": [
                  {
                    "ipv4": [
                      {
                        "address": "10.10.15.10/24",
                        "gateway": "10.10.15.1"
                      }
                    ],
                    "ipv6": []
                  }
                ],
                "meta_data_file_id": "",
                "network_data_file_id": "",
                "type": "",
                "user_account": [
                  {
                    "keys": [
                      "ssh-rsa AAAAB3NzaC1yc2EAAAADAQABAAABgQCxd7Eb732t9uSt7p+axG/N2+HMUhPe0z7D4OKDvtgsk8NM2P4cLWJofqt4YS1iA8UFbG4xUcbE9SDfHzU2WEBHtUbPbjcZcFaCOKOl9GMatV1b7o3F74pgDwNjHwpwGSWRpNd8lHNPYvx2sXLu+fjlGXwGsgWE+x5SpIscEwt2N4/S7IrBncEkw/TZsvzFSw6nPtL39fKlBmktC0OIUGV27CKt6Lx7PWPn6kdCClzD+CIimvpk9tm8F642bA2dMyv7mwhy1+hdj9ieMHfj/KnAEr5IF7BD8Z6ka5Xm7XetCsY7Xv1GX5Hq4U37fNki8Hw+Wg8NDL4nGysvV+yQh33qbTCjDCMYoPakhRRzm78Z9ewwoOz2IUwwIyaZ+7MA9+HHy+TmFTyIaIJ1iP2YXDeshVHPjREPYIFSN+vVdGGxyPCS9fVZhNQh6olyHvfiwqmkrJDRS24QV/djFrrco4JziuckTK2flBmEH8JY8WJ2enJLKOIin7VTWDwgoAedFJ8= deploy"
                    ],
                    "password": "",
                    "username": "deploy"
                  }
                ],
                "user_data_file_id": "local:snippets/debian12-cloud-user.yaml",
                "vendor_data_file_id": ""
              }
            ],
            "ipv4_addresses": [
              [
                "127.0.0.1"
              ],
              [
                "10.10.15.10"
              ]
            ],
            "ipv6_addresses": [
              [
                "::1"
              ],
              [
                "fe80::be24:11ff:feba:dc6b"
              ]
            ],
            "keyboard_layout": "en-us",
            "kvm_arguments": null,
            "mac_addresses": [
              "00:00:00:00:00:00",
              "BC:24:11:BA:DC:6B"
            ],
            "machine": null,
            "memory": [
              {
                "dedicated": 512,
                "floating": 0,
                "hugepages": "",
                "keep_hugepages": false,
                "shared": 0
              }
            ],
            "migrate": false,
            "name": "dns1",
            "network_device": [
              {
                "bridge": "vmbr0",
                "disconnected": false,
                "enabled": true,
                "firewall": false,
                "mac_address": "BC:24:11:BA:DC:6B",
                "model": "virtio",
                "mtu": 0,
                "queues": 0,
                "rate_limit": 0,
                "trunks": "",
                "vlan_id": 0
              }
            ],
            "network_interface_names": [
              "lo",
              "eth0"
            ],
            "node_name": "pve",
            "numa": [],
            "on_boot": true,
            "operating_system": [],
            "pool_id": "",
            "protection": false,
            "purge_on_destroy": true,
            "reboot": false,
            "reboot_after_update": true,
            "rng": [],
            "scsi_hardware": "virtio-scsi-pci",
            "serial_device": [],
            "smbios": [],
            "started": true,
            "startup": [],
            "stop_on_destroy": false,
            "tablet_device": true,
            "tags": null,
            "template": false,
            "timeout_clone": 1800,
            "timeout_create": 1800,
            "timeout_migrate": 1800,
            "timeout_move_disk": 1800,
            "timeout_reboot": 1800,
            "timeout_shutdown_vm": 1800,
            "timeout_start_vm": 1800,
            "timeout_stop_vm": 300,
            "tpm_state": [],
            "usb": [],
            "vga": [
              {
                "clipboard": "",
                "memory": 16,
                "type": "serial0"
              }
            ],
            "virtiofs": [],
            "vm_id": 101,
            "watchdog": []
          },
          "sensitive_attributes": [],
          "private": "bnVsbA=="
        }
      ]
    }
  ],
  "check_results": null
}
